// !$*UTF8*$!
{
	archiveVersion = 1;
	classes = {
	};
	objectVersion = 46;
	objects = {

/* Begin PBXBuildFile section */
		8441DBA11C5E45BA00EAD70C /* main.m in Sources */ = {isa = PBXBuildFile; fileRef = 8441DBA01C5E45BA00EAD70C /* main.m */; };
		8441DBA41C5E45BA00EAD70C /* AppDelegate.m in Sources */ = {isa = PBXBuildFile; fileRef = 8441DBA31C5E45BA00EAD70C /* AppDelegate.m */; };
		8441DBA71C5E45BA00EAD70C /* ViewController.m in Sources */ = {isa = PBXBuildFile; fileRef = 8441DBA61C5E45BA00EAD70C /* ViewController.m */; };
		8441DBAA1C5E45BA00EAD70C /* Main.storyboard in Resources */ = {isa = PBXBuildFile; fileRef = 8441DBA81C5E45BA00EAD70C /* Main.storyboard */; };
		8441DBAC1C5E45BA00EAD70C /* Assets.xcassets in Resources */ = {isa = PBXBuildFile; fileRef = 8441DBAB1C5E45BA00EAD70C /* Assets.xcassets */; };
		8441DBAF1C5E45BA00EAD70C /* LaunchScreen.storyboard in Resources */ = {isa = PBXBuildFile; fileRef = 8441DBAD1C5E45BA00EAD70C /* LaunchScreen.storyboard */; };
		8441DBBA1C5E46EC00EAD70C /* SHImage.bundle in Resources */ = {isa = PBXBuildFile; fileRef = 8441DBB71C5E46EC00EAD70C /* SHImage.bundle */; };
		8441DBBB1C5E46EC00EAD70C /* SHStatusBarHUD.m in Sources */ = {isa = PBXBuildFile; fileRef = 8441DBB91C5E46EC00EAD70C /* SHStatusBarHUD.m */; };
/* End PBXBuildFile section */

/* Begin PBXFileReference section */
		8441DB9C1C5E45BA00EAD70C /* SHStatusBarHUDDemo.app */ = {isa = PBXFileReference; explicitFileType = wrapper.application; includeInIndex = 0; path = SHStatusBarHUDDemo.app; sourceTree = BUILT_PRODUCTS_DIR; };
		8441DBA01C5E45BA00EAD70C /* main.m */ = {isa = PBXFileReference; lastKnownFileType = sourcecode.c.objc; path = main.m; sourceTree = "<group>"; };
		8441DBA21C5E45BA00EAD70C /* AppDelegate.h */ = {isa = PBXFileReference; lastKnownFileType = sourcecode.c.h; path = AppDelegate.h; sourceTree = "<group>"; };
		8441DBA31C5E45BA00EAD70C /* AppDelegate.m */ = {isa = PBXFileReference; lastKnownFileType = sourcecode.c.objc; path = AppDelegate.m; sourceTree = "<group>"; };
		8441DBA51C5E45BA00EAD70C /* ViewController.h */ = {isa = PBXFileReference; lastKnownFileType = sourcecode.c.h; path = ViewController.h; sourceTree = "<group>"; };
		8441DBA61C5E45BA00EAD70C /* ViewController.m */ = {isa = PBXFileReference; lastKnownFileType = sourcecode.c.objc; path = ViewController.m; sourceTree = "<group>"; };
		8441DBA91C5E45BA00EAD70C /* Base */ = {isa = PBXFileReference; lastKnownFileType = file.storyboard; name = Base; path = Base.lproj/Main.storyboard; sourceTree = "<group>"; };
		8441DBAB1C5E45BA00EAD70C /* Assets.xcassets */ = {isa = PBXFileReference; lastKnownFileType = folder.assetcatalog; path = Assets.xcassets; sourceTree = "<group>"; };
		8441DBAE1C5E45BA00EAD70C /* Base */ = {isa = PBXFileReference; lastKnownFileType = file.storyboard; name = Base; path = Base.lproj/LaunchScreen.storyboard; sourceTree = "<group>"; };
		8441DBB01C5E45BA00EAD70C /* Info.plist */ = {isa = PBXFileReference; lastKnownFileType = text.plist.xml; path = Info.plist; sourceTree = "<group>"; };
		8441DBB71C5E46EC00EAD70C /* SHImage.bundle */ = {isa = PBXFileReference; lastKnownFileType = "wrapper.plug-in"; path = SHImage.bundle; sourceTree = "<group>"; };
		8441DBB81C5E46EC00EAD70C /* SHStatusBarHUD.h */ = {isa = PBXFileReference; fileEncoding = 4; lastKnownFileType = sourcecode.c.h; path = SHStatusBarHUD.h; sourceTree = "<group>"; };
		8441DBB91C5E46EC00EAD70C /* SHStatusBarHUD.m */ = {isa = PBXFileReference; fileEncoding = 4; lastKnownFileType = sourcecode.c.objc; path = SHStatusBarHUD.m; sourceTree = "<group>"; };
/* End PBXFileReference section */

/* Begin PBXFrameworksBuildPhase section */
		8441DB991C5E45BA00EAD70C /* Frameworks */ = {
			isa = PBXFrameworksBuildPhase;
			buildActionMask = 2147483647;
			files = (
			);
			runOnlyForDeploymentPostprocessing = 0;
		};
/* End PBXFrameworksBuildPhase section */

/* Begin PBXGroup section */
		8441DB931C5E45BA00EAD70C = {
			isa = PBXGroup;
			children = (
				8441DB9E1C5E45BA00EAD70C /* SHStatusBarHUDDemo */,
				8441DB9D1C5E45BA00EAD70C /* Products */,
			);
			sourceTree = "<group>";
		};
		8441DB9D1C5E45BA00EAD70C /* Products */ = {
			isa = PBXGroup;
			children = (
				8441DB9C1C5E45BA00EAD70C /* SHStatusBarHUDDemo.app */,
			);
			name = Products;
			sourceTree = "<group>";
		};
		8441DB9E1C5E45BA00EAD70C /* SHStatusBarHUDDemo */ = {
			isa = PBXGroup;
			children = (
				8441DBB61C5E46EC00EAD70C /* SHHStatusBarHUD */,
				8441DBA21C5E45BA00EAD70C /* AppDelegate.h */,
				8441DBA31C5E45BA00EAD70C /* AppDelegate.m */,
				8441DBA51C5E45BA00EAD70C /* ViewController.h */,
				8441DBA61C5E45BA00EAD70C /* ViewController.m */,
				8441DBA81C5E45BA00EAD70C /* Main.storyboard */,
				8441DBAB1C5E45BA00EAD70C /* Assets.xcassets */,
				8441DBAD1C5E45BA00EAD70C /* LaunchScreen.storyboard */,
				8441DBB01C5E45BA00EAD70C /* Info.plist */,
				8441DB9F1C5E45BA00EAD70C /* Supporting Files */,
			);
			path = SHStatusBarHUDDemo;
			sourceTree = "<group>";
		};
		8441DB9F1C5E45BA00EAD70C /* Supporting Files */ = {
			isa = PBXGroup;
			children = (
				8441DBA01C5E45BA00EAD70C /* main.m */,
			);
			name = "Supporting Files";
			sourceTree = "<group>";
		};
		8441DBB61C5E46EC00EAD70C /* SHHStatusBarHUD */ = {
			isa = PBXGroup;
			children = (
				8441DBB71C5E46EC00EAD70C /* SHImage.bundle */,
				8441DBB81C5E46EC00EAD70C /* SHStatusBarHUD.h */,
				8441DBB91C5E46EC00EAD70C /* SHStatusBarHUD.m */,
			);
			name = SHHStatusBarHUD;
			path = ../../SHHStatusBarHUD;
			sourceTree = "<group>";
		};
/* End PBXGroup section */

/* Begin PBXNativeTarget section */
		8441DB9B1C5E45BA00EAD70C /* SHStatusBarHUDDemo */ = {
			isa = PBXNativeTarget;
			buildConfigurationList = 8441DBB31C5E45BA00EAD70C /* Build configuration list for PBXNativeTarget "SHStatusBarHUDDemo" */;
			buildPhases = (
				8441DB981C5E45BA00EAD70C /* Sources */,
				8441DB991C5E45BA00EAD70C /* Frameworks */,
				8441DB9A1C5E45BA00EAD70C /* Resources */,
			);
			buildRules = (
			);
			dependencies = (
			);
			name = SHStatusBarHUDDemo;
			productName = SHStatusBarHUDDemo;
			productReference = 8441DB9C1C5E45BA00EAD70C /* SHStatusBarHUDDemo.app */;
			productType = "com.apple.product-type.application";
		};
/* End PBXNativeTarget section */

/* Begin PBXProject section */
		8441DB941C5E45BA00EAD70C /* Project object */ = {
			isa = PBXProject;
			attributes = {
				LastUpgradeCheck = 0710;
				ORGANIZATIONNAME = admin;
				TargetAttributes = {
					8441DB9B1C5E45BA00EAD70C = {
						CreatedOnToolsVersion = 7.1;
					};
				};
			};
			buildConfigurationList = 8441DB971C5E45BA00EAD70C /* Build configuration list for PBXProject "SHStatusBarHUDDemo" */;
			compatibilityVersion = "Xcode 3.2";
			developmentRegion = English;
			hasScannedForEncodings = 0;
			knownRegions = (
				en,
				Base,
			);
			mainGroup = 8441DB931C5E45BA00EAD70C;
			productRefGroup = 8441DB9D1C5E45BA00EAD70C /* Products */;
			projectDirPath = "";
			projectRoot = "";
			targets = (
				8441DB9B1C5E45BA00EAD70C /* SHStatusBarHUDDemo */,
			);
		};
/* End PBXProject section */

/* Begin PBXResourcesBuildPhase section */
		8441DB9A1C5E45BA00EAD70C /* Resources */ = {
			isa = PBXResourcesBuildPhase;
			buildActionMask = 2147483647;
			files = (
				8441DBBA1C5E46EC00EAD70C /* SHImage.bundle in Resources */,
				8441DBAF1C5E45BA00EAD70C /* LaunchScreen.storyboard in Resources */,
				8441DBAC1C5E45BA00EAD70C /* Assets.xcassets in Resources */,
				8441DBAA1C5E45BA00EAD70C /* Main.storyboard in Resources */,
			);
			runOnlyForDeploymentPostprocessing = 0;
		};
/* End PBXResourcesBuildPhase section */

/* Begin PBXSourcesBuildPhase section */
		8441DB981C5E45BA00EAD70C /* Sources */ = {
			isa = PBXSourcesBuildPhase;
			buildActionMask = 2147483647;
			files = (
				8441DBBB1C5E46EC00EAD70C /* SHStatusBarHUD.m in Sources */,
				8441DBA71C5E45BA00EAD70C /* ViewController.m in Sources */,
				8441DBA41C5E45BA00EAD70C /* AppDelegate.m in Sources */,
				8441DBA11C5E45BA00EAD70C /* main.m in Sources */,
			);
			runOnlyForDeploymentPostprocessing = 0;
		};
/* End PBXSourcesBuildPhase section */

/* Begin PBXVariantGroup section */
		8441DBA81C5E45BA00EAD70C /* Main.storyboard */ = {
			isa = PBXVariantGroup;
			children = (
				8441DBA91C5E45BA00EAD70C /* Base */,
			);
			name = Main.storyboard;
			sourceTree = "<group>";
		};
		8441DBAD1C5E45BA00EAD70C /* LaunchScreen.storyboard */ = {
			isa = PBXVariantGroup;
			children = (
				8441DBAE1C5E45BA00EAD70C /* Base */,
			);
			name = LaunchScreen.storyboard;
			sourceTree = "<group>";
		};
/* End PBXVariantGroup section */

/* Begin XCBuildConfiguration section */
		8441DBB11C5E45BA00EAD70C /* Debug */ = {
			isa = XCBuildConfiguration;
			buildSettings = {
				ALWAYS_SEARCH_USER_PATHS = NO;
				CLANG_CXX_LANGUAGE_STANDARD = "gnu++0x";
				CLANG_CXX_LIBRARY = "libc++";
				CLANG_ENABLE_MODULES = YES;
				CLANG_ENABLE_OBJC_ARC = YES;
				CLANG_WARN_BOOL_CONVERSION = YES;
				CLANG_WARN_CONSTANT_CONVERSION = YES;
				CLANG_WARN_DIRECT_OBJC_ISA_USAGE = YES_ERROR;
				CLANG_WARN_EMPTY_BODY = YES;
				CLANG_WARN_ENUM_CONVERSION = YES;
				CLANG_WARN_INT_CONVERSION = YES;
				CLANG_WARN_OBJC_ROOT_CLASS = YES_ERROR;
				CLANG_WARN_UNREACHABLE_CODE = YES;
				CLANG_WARN__DUPLICATE_METHOD_MATCH = YES;
				"CODE_SIGN_IDENTITY[sdk=iphoneos*]" = "iPhone Developer";
				COPY_PHASE_STRIP = NO;
				DEBUG_INFORMATION_FORMAT = dwarf;
				ENABLE_STRICT_OBJC_MSGSEND = YES;
				ENABLE_TESTABILITY = YES;
				GCC_C_LANGUAGE_STANDARD = gnu99;
				GCC_DYNAMIC_NO_PIC = NO;
				GCC_NO_COMMON_BLOCKS = YES;
				GCC_OPTIMIZATION_LEVEL = 0;
				GCC_PREPROCESSOR_DEFINITIONS = (
					"DEBUG=1",
					"$(inherited)",
				);
				GCC_WARN_64_TO_32_BIT_CONVERSION = YES;
				GCC_WARN_ABOUT_RETURN_TYPE = YES_ERROR;
				GCC_WARN_UNDECLARED_SELECTOR = YES;
				GCC_WARN_UNINITIALIZED_AUTOS = YES_AGGRESSIVE;
				GCC_WARN_UNUSED_FUNCTION = YES;
				GCC_WARN_UNUSED_VARIABLE = YES;
				IPHONEOS_DEPLOYMENT_TARGET = 9.1;
				MTL_ENABLE_DEBUG_INFO = YES;
				ONLY_ACTIVE_ARCH = YES;
				SDKROOT = iphoneos;
			};
			name = Debug;
		};
		8441DBB21C5E45BA00EAD70C /* Release */ = {
			isa = XCBuildConfiguration;
			buildSettings = {
				ALWAYS_SEARCH_USER_PATHS = NO;
				CLANG_CXX_LANGUAGE_STANDARD = "gnu++0x";
				CLANG_CXX_LIBRARY = "libc++";
				CLANG_ENABLE_MODULES = YES;
				CLANG_ENABLE_OBJC_ARC = YES;
				CLANG_WARN_BOOL_CONVERSION = YES;
				CLANG_WARN_CONSTANT_CONVERSION = YES;
				CLANG_WARN_DIRECT_OBJC_ISA_USAGE = YES_ERROR;
				CLANG_WARN_EMPTY_BODY = YES;
				CLANG_WARN_ENUM_CONVERSION = YES;
				CLANG_WARN_INT_CONVERSION = YES;
				CLANG_WARN_OBJC_ROOT_CLASS = YES_ERROR;
				CLANG_WARN_UNREACHABLE_CODE = YES;
				CLANG_WARN__DUPLICATE_METHOD_MATCH = YES;
				"CODE_SIGN_IDENTITY[sdk=iphoneos*]" = "iPhone Developer";
				COPY_PHASE_STRIP = NO;
				DEBUG_INFORMATION_FORMAT = "dwarf-with-dsym";
				ENABLE_NS_ASSERTIONS = NO;
				ENABLE_STRICT_OBJC_MSGSEND = YES;
				GCC_C_LANGUAGE_STANDARD = gnu99;
				GCC_NO_COMMON_BLOCKS = YES;
				GCC_WARN_64_TO_32_BIT_CONVERSION = YES;
				GCC_WARN_ABOUT_RETURN_TYPE = YES_ERROR;
				GCC_WARN_UNDECLARED_SELECTOR = YES;
				GCC_WARN_UNINITIALIZED_AUTOS = YES_AGGRESSIVE;
				GCC_WARN_UNUSED_FUNCTION = YES;
				GCC_WARN_UNUSED_VARIABLE = YES;
				IPHONEOS_DEPLOYMENT_TARGET = 9.1;
				MTL_ENABLE_DEBUG_INFO = NO;
				SDKROOT = iphoneos;
				VALIDATE_PRODUCT = YES;
			};
			name = Release;
		};
		8441DBB41C5E45BA00EAD70C /* Debug */ = {
			isa = XCBuildConfiguration;
			buildSettings = {
				ASSETCATALOG_COMPILER_APPICON_NAME = AppIcon;
				INFOPLIST_FILE = SHStatusBarHUDDemo/Info.plist;
				LD_RUNPATH_SEARCH_PATHS = "$(inherited) @executable_path/Frameworks";
				PRODUCT_BUNDLE_IDENTIFIER = songhang.SHStatusBarHUDDemo;
				PRODUCT_NAME = "$(TARGET_NAME)";
			};
			name = Debug;
		};
		8441DBB51C5E45BA00EAD70C /* Release */ = {
			isa = XCBuildConfiguration;
			buildSettings = {
				ASSETCATALOG_COMPILER_APPICON_NAME = AppIcon;
				INFOPLIST_FILE = SHStatusBarHUDDemo/Info.plist;
				LD_RUNPATH_SEARCH_PATHS = "$(inherited) @executable_path/Frameworks";
				PRODUCT_BUNDLE_IDENTIFIER = songhang.SHStatusBarHUDDemo;
				PRODUCT_NAME = "$(TARGET_NAME)";
			};
			name = Release;
		};
/* End XCBuildConfiguration section */

/* Begin XCConfigurationList section */
		8441DB971C5E45BA00EAD70C /* Build configuration list for PBXProject "SHStatusBarHUDDemo" */ = {
			isa = XCConfigurationList;
			buildConfigurations = (
				8441DBB11C5E45BA00EAD70C /* Debug */,
				8441DBB21C5E45BA00EAD70C /* Release */,
			);
			defaultConfigurationIsVisible = 0;
			defaultConfigurationName = Release;
		};
		8441DBB31C5E45BA00EAD70C /* Build configuration list for PBXNativeTarget "SHStatusBarHUDDemo" */ = {
			isa = XCConfigurationList;
			buildConfigurations = (
				8441DBB41C5E45BA00EAD70C /* Debug */,
				8441DBB51C5E45BA00EAD70C /* Release */,
			);
			defaultConfigurationIsVisible = 0;
			defaultConfigurationName = Release;
		};
/* End XCConfigurationList section */
	};
	rootObject = 8441DB941C5E45BA00EAD70C /* Project object */;
}
